
Microsoft Visual Studio Solution File, Format Version 12.00
# Visual Studio 2013
VisualStudioVersion = 12.0.21005.1
MinimumVisualStudioVersion = 10.0.40219.1
Project("{002A2DE9-8BB6-484D-9802-7E4AD4084715}") = "Softwire", "Softwire.visualdproj", "{792F24D9-BCF0-4B93-9FEC-522546AAAEAC}"
EndProject
Project("{2150E333-8FDC-42A3-9474-1A3956D46DE8}") = "Solution Items", "Solution Items", "{79851AC1-1EB7-4F30-87CE-36A624D97427}"
EndProject
Global
	GlobalSection(SolutionConfigurationPlatforms) = preSolution
		Debug|Win32 = Debug|Win32
		Release|Win32 = Release|Win32
	EndGlobalSection
	GlobalSection(ProjectConfigurationPlatforms) = postSolution
		{792F24D9-BCF0-4B93-9FEC-522546AAAEAC}.Debug|Win32.ActiveCfg = Debug|Win32
		{792F24D9-BCF0-4B93-9FEC-522546AAAEAC}.Debug|Win32.Build.0 = Debug|Win32
		{792F24D9-BCF0-4B93-9FEC-522546AAAEAC}.Release|Win32.ActiveCfg = Release|Win32
		{792F24D9-BCF0-4B93-9FEC-522546AAAEAC}.Release|Win32.Build.0 = Release|Win32
	EndGlobalSection
	GlobalSection(SolutionProperties) = preSolution
		HideSolutionNode = FALSE
	EndGlobalSection
EndGlobal
